
Microsoft Visual Studio Solution File, Format Version 12.00
# Visual Studio Version 17
VisualStudioVersion = 17.1.32210.238
MinimumVisualStudioVersion = 10.0.40219.1
Project("{FAE04EC0-301F-11D3-BF4B-00C04F79EFBC}") = "Surayavanshi Library Mgt System", "Surayavanshi Library Mgt System\Surayavanshi Library Mgt System.csproj", "{51FAA5DD-E38A-455E-9A54-626537CD0B95}"
EndProject
Global
	GlobalSection(SolutionConfigurationPlatforms) = preSolution
		Debug|Any CPU = Debug|Any CPU
		Release|Any CPU = Release|Any CPU
	EndGlobalSection
	GlobalSection(ProjectConfigurationPlatforms) = postSolution
		{51FAA5DD-E38A-455E-9A54-626537CD0B95}.Debug|Any CPU.ActiveCfg = Debug|Any CPU
		{51FAA5DD-E38A-455E-9A54-626537CD0B95}.Debug|Any CPU.Build.0 = Debug|Any CPU
		{51FAA5DD-E38A-455E-9A54-626537CD0B95}.Release|Any CPU.ActiveCfg = Release|Any CPU
		{51FAA5DD-E38A-455E-9A54-626537CD0B95}.Release|Any CPU.Build.0 = Release|Any CPU
	EndGlobalSection
	GlobalSection(SolutionProperties) = preSolution
		HideSolutionNode = FALSE
	EndGlobalSection
	GlobalSection(ExtensibilityGlobals) = postSolution
		SolutionGuid = {79FA5322-5E31-4768-9556-33D6F8C4AABE}
	EndGlobalSection
EndGlobal
